{
  "name": "@tdd-cli-dev/cli",
  "version": "1.0.0",
  "lockfileVersion": 2,
  "requires": true,
  "packages": {
    "": {
      "name": "@tdd-cli-dev/cli",
      "version": "1.0.0",
      "license": "ISC",
      "dependencies": {
        "@tdd-cli-dev/utils": "file:../../utils/utils"
      },
      "bin": {
        "tdd-cli-dev": "bin/index.js"
      }
    },
    "../../utils/utils": {
      "name": "@tdd-cli-dev/utils",
      "version": "1.0.0",
      "license": "ISC"
    },
    "node_modules/@tdd-cli-dev/utils": {
      "resolved": "../../utils/utils",
      "link": true
    }
  },
  "dependencies": {
    "@tdd-cli-dev/utils": {
      "version": "file:../../utils/utils"
    }
  }
}
